// !$*UTF8*$!
{
	archiveVersion = 1;
	classes = {
	};
	objectVersion = 50;
	objects = {

/* Begin PBXBuildFile section */
		432640DABB60399585F61ED7 /* Pods_myDocuments.framework in Frameworks */ = {isa = PBXBuildFile; fileRef = 89422A7F080F8B2FB3444D3D /* Pods_myDocuments.framework */; };
		68134ACFE33761E093C1EFE4 /* Pods_myDocumentsUITests.framework in Frameworks */ = {isa = PBXBuildFile; fileRef = BC8B8D796954E0558B0A29F5 /* Pods_myDocumentsUITests.framework */; };
		B1668891218DE60600E4AE08 /* AppDelegate.swift in Sources */ = {isa = PBXBuildFile; fileRef = B1668890218DE60600E4AE08 /* AppDelegate.swift */; };
		B1668896218DE60600E4AE08 /* Main.storyboard in Resources */ = {isa = PBXBuildFile; fileRef = B1668894218DE60600E4AE08 /* Main.storyboard */; };
		B1668899218DE60600E4AE08 /* myDocuments.xcdatamodeld in Sources */ = {isa = PBXBuildFile; fileRef = B1668897218DE60600E4AE08 /* myDocuments.xcdatamodeld */; };
		B166889B218DE60900E4AE08 /* Assets.xcassets in Resources */ = {isa = PBXBuildFile; fileRef = B166889A218DE60900E4AE08 /* Assets.xcassets */; };
		B166889E218DE60900E4AE08 /* LaunchScreen.storyboard in Resources */ = {isa = PBXBuildFile; fileRef = B166889C218DE60900E4AE08 /* LaunchScreen.storyboard */; };
		B16688A9218DE60A00E4AE08 /* myDocumentsTests.swift in Sources */ = {isa = PBXBuildFile; fileRef = B16688A8218DE60A00E4AE08 /* myDocumentsTests.swift */; };
		B16688B4218DE60A00E4AE08 /* myDocumentsUITests.swift in Sources */ = {isa = PBXBuildFile; fileRef = B16688B3218DE60A00E4AE08 /* myDocumentsUITests.swift */; };
		B16688C2218DED3700E4AE08 /* UserModel.swift in Sources */ = {isa = PBXBuildFile; fileRef = B16688C1218DED3700E4AE08 /* UserModel.swift */; };
		B16688C5218DEF4500E4AE08 /* DocumentModel.swift in Sources */ = {isa = PBXBuildFile; fileRef = B16688C4218DEF4500E4AE08 /* DocumentModel.swift */; };
		B16688C7218DF02A00E4AE08 /* PhotoModel.swift in Sources */ = {isa = PBXBuildFile; fileRef = B16688C6218DF02A00E4AE08 /* PhotoModel.swift */; };
		B16688C9218E313800E4AE08 /* NewUserViewController.swift in Sources */ = {isa = PBXBuildFile; fileRef = B16688C8218E313800E4AE08 /* NewUserViewController.swift */; };
		B16688CB218E315400E4AE08 /* UserTableViewController.swift in Sources */ = {isa = PBXBuildFile; fileRef = B16688CA218E315400E4AE08 /* UserTableViewController.swift */; };
		B16688CD218E316200E4AE08 /* UserTableViewCell.swift in Sources */ = {isa = PBXBuildFile; fileRef = B16688CC218E316200E4AE08 /* UserTableViewCell.swift */; };
		B16688D1218E31E600E4AE08 /* PhotoViewController.swift in Sources */ = {isa = PBXBuildFile; fileRef = B16688D0218E31E600E4AE08 /* PhotoViewController.swift */; };
		B16688D4218E320300E4AE08 /* DocumentTableViewController.swift in Sources */ = {isa = PBXBuildFile; fileRef = B16688D3218E320300E4AE08 /* DocumentTableViewController.swift */; };
		B16688D6218E321100E4AE08 /* DocumentTableViewCell.swift in Sources */ = {isa = PBXBuildFile; fileRef = B16688D5218E321100E4AE08 /* DocumentTableViewCell.swift */; };
		B16688D9218E32E400E4AE08 /* DocumentController.swift in Sources */ = {isa = PBXBuildFile; fileRef = B16688D8218E32E400E4AE08 /* DocumentController.swift */; };
		B16688DB218E32EE00E4AE08 /* UserController.swift in Sources */ = {isa = PBXBuildFile; fileRef = B16688DA218E32EE00E4AE08 /* UserController.swift */; };
		B16688DE218E334D00E4AE08 /* ServiceDocument.swift in Sources */ = {isa = PBXBuildFile; fileRef = B16688DD218E334D00E4AE08 /* ServiceDocument.swift */; };
		B16688E0218E335700E4AE08 /* ServiceUser.swift in Sources */ = {isa = PBXBuildFile; fileRef = B16688DF218E335700E4AE08 /* ServiceUser.swift */; };
		BAA803A71D5361FAA2AAFDC0 /* Pods_myDocumentsTests.framework in Frameworks */ = {isa = PBXBuildFile; fileRef = C4E147E3728E25C14F0059B3 /* Pods_myDocumentsTests.framework */; };
/* End PBXBuildFile section */

/* Begin PBXContainerItemProxy section */
		B16688A5218DE60A00E4AE08 /* PBXContainerItemProxy */ = {
			isa = PBXContainerItemProxy;
			containerPortal = B1668885218DE60600E4AE08 /* Project object */;
			proxyType = 1;
			remoteGlobalIDString = B166888C218DE60600E4AE08;
			remoteInfo = myDocuments;
		};
		B16688B0218DE60A00E4AE08 /* PBXContainerItemProxy */ = {
			isa = PBXContainerItemProxy;
			containerPortal = B1668885218DE60600E4AE08 /* Project object */;
			proxyType = 1;
			remoteGlobalIDString = B166888C218DE60600E4AE08;
			remoteInfo = myDocuments;
		};
/* End PBXContainerItemProxy section */

/* Begin PBXFileReference section */
		2DFA03A21C3419682FB123A2 /* Pods-myDocuments.debug.xcconfig */ = {isa = PBXFileReference; includeInIndex = 1; lastKnownFileType = text.xcconfig; name = "Pods-myDocuments.debug.xcconfig"; path = "Pods/Target Support Files/Pods-myDocuments/Pods-myDocuments.debug.xcconfig"; sourceTree = "<group>"; };
		38B0ED71A8A548635814A418 /* Pods-myDocuments.release.xcconfig */ = {isa = PBXFileReference; includeInIndex = 1; lastKnownFileType = text.xcconfig; name = "Pods-myDocuments.release.xcconfig"; path = "Pods/Target Support Files/Pods-myDocuments/Pods-myDocuments.release.xcconfig"; sourceTree = "<group>"; };
		409892F045589E7738F637CD /* Pods-myDocumentsUITests.release.xcconfig */ = {isa = PBXFileReference; includeInIndex = 1; lastKnownFileType = text.xcconfig; name = "Pods-myDocumentsUITests.release.xcconfig"; path = "Pods/Target Support Files/Pods-myDocumentsUITests/Pods-myDocumentsUITests.release.xcconfig"; sourceTree = "<group>"; };
		89422A7F080F8B2FB3444D3D /* Pods_myDocuments.framework */ = {isa = PBXFileReference; explicitFileType = wrapper.framework; includeInIndex = 0; path = Pods_myDocuments.framework; sourceTree = BUILT_PRODUCTS_DIR; };
		AC5B20047D474447EFA38D53 /* Pods-myDocumentsTests.debug.xcconfig */ = {isa = PBXFileReference; includeInIndex = 1; lastKnownFileType = text.xcconfig; name = "Pods-myDocumentsTests.debug.xcconfig"; path = "Pods/Target Support Files/Pods-myDocumentsTests/Pods-myDocumentsTests.debug.xcconfig"; sourceTree = "<group>"; };
		B166888D218DE60600E4AE08 /* myDocuments.app */ = {isa = PBXFileReference; explicitFileType = wrapper.application; includeInIndex = 0; path = myDocuments.app; sourceTree = BUILT_PRODUCTS_DIR; };
		B1668890218DE60600E4AE08 /* AppDelegate.swift */ = {isa = PBXFileReference; lastKnownFileType = sourcecode.swift; path = AppDelegate.swift; sourceTree = "<group>"; };
		B1668895218DE60600E4AE08 /* Base */ = {isa = PBXFileReference; lastKnownFileType = file.storyboard; name = Base; path = Base.lproj/Main.storyboard; sourceTree = "<group>"; };
		B1668898218DE60600E4AE08 /* myDocuments.xcdatamodel */ = {isa = PBXFileReference; lastKnownFileType = wrapper.xcdatamodel; path = myDocuments.xcdatamodel; sourceTree = "<group>"; };
		B166889A218DE60900E4AE08 /* Assets.xcassets */ = {isa = PBXFileReference; lastKnownFileType = folder.assetcatalog; path = Assets.xcassets; sourceTree = "<group>"; };
		B166889D218DE60900E4AE08 /* Base */ = {isa = PBXFileReference; lastKnownFileType = file.storyboard; name = Base; path = Base.lproj/LaunchScreen.storyboard; sourceTree = "<group>"; };
		B166889F218DE60900E4AE08 /* Info.plist */ = {isa = PBXFileReference; lastKnownFileType = text.plist.xml; path = Info.plist; sourceTree = "<group>"; };
		B16688A4218DE60A00E4AE08 /* myDocumentsTests.xctest */ = {isa = PBXFileReference; explicitFileType = wrapper.cfbundle; includeInIndex = 0; path = myDocumentsTests.xctest; sourceTree = BUILT_PRODUCTS_DIR; };
		B16688A8218DE60A00E4AE08 /* myDocumentsTests.swift */ = {isa = PBXFileReference; lastKnownFileType = sourcecode.swift; path = myDocumentsTests.swift; sourceTree = "<group>"; };
		B16688AA218DE60A00E4AE08 /* Info.plist */ = {isa = PBXFileReference; lastKnownFileType = text.plist.xml; path = Info.plist; sourceTree = "<group>"; };
		B16688AF218DE60A00E4AE08 /* myDocumentsUITests.xctest */ = {isa = PBXFileReference; explicitFileType = wrapper.cfbundle; includeInIndex = 0; path = myDocumentsUITests.xctest; sourceTree = BUILT_PRODUCTS_DIR; };
		B16688B3218DE60A00E4AE08 /* myDocumentsUITests.swift */ = {isa = PBXFileReference; lastKnownFileType = sourcecode.swift; path = myDocumentsUITests.swift; sourceTree = "<group>"; };
		B16688B5218DE60A00E4AE08 /* Info.plist */ = {isa = PBXFileReference; lastKnownFileType = text.plist.xml; path = Info.plist; sourceTree = "<group>"; };
		B16688C1218DED3700E4AE08 /* UserModel.swift */ = {isa = PBXFileReference; lastKnownFileType = sourcecode.swift; path = UserModel.swift; sourceTree = "<group>"; };
		B16688C4218DEF4500E4AE08 /* DocumentModel.swift */ = {isa = PBXFileReference; lastKnownFileType = sourcecode.swift; path = DocumentModel.swift; sourceTree = "<group>"; };
		B16688C6218DF02A00E4AE08 /* PhotoModel.swift */ = {isa = PBXFileReference; lastKnownFileType = sourcecode.swift; path = PhotoModel.swift; sourceTree = "<group>"; };
		B16688C8218E313800E4AE08 /* NewUserViewController.swift */ = {isa = PBXFileReference; lastKnownFileType = sourcecode.swift; path = NewUserViewController.swift; sourceTree = "<group>"; };
		B16688CA218E315400E4AE08 /* UserTableViewController.swift */ = {isa = PBXFileReference; lastKnownFileType = sourcecode.swift; path = UserTableViewController.swift; sourceTree = "<group>"; };
		B16688CC218E316200E4AE08 /* UserTableViewCell.swift */ = {isa = PBXFileReference; lastKnownFileType = sourcecode.swift; path = UserTableViewCell.swift; sourceTree = "<group>"; };
		B16688D0218E31E600E4AE08 /* PhotoViewController.swift */ = {isa = PBXFileReference; lastKnownFileType = sourcecode.swift; path = PhotoViewController.swift; sourceTree = "<group>"; };
		B16688D3218E320300E4AE08 /* DocumentTableViewController.swift */ = {isa = PBXFileReference; lastKnownFileType = sourcecode.swift; path = DocumentTableViewController.swift; sourceTree = "<group>"; };
		B16688D5218E321100E4AE08 /* DocumentTableViewCell.swift */ = {isa = PBXFileReference; lastKnownFileType = sourcecode.swift; path = DocumentTableViewCell.swift; sourceTree = "<group>"; };
		B16688D8218E32E400E4AE08 /* DocumentController.swift */ = {isa = PBXFileReference; lastKnownFileType = sourcecode.swift; path = DocumentController.swift; sourceTree = "<group>"; };
		B16688DA218E32EE00E4AE08 /* UserController.swift */ = {isa = PBXFileReference; lastKnownFileType = sourcecode.swift; path = UserController.swift; sourceTree = "<group>"; };
		B16688DD218E334D00E4AE08 /* ServiceDocument.swift */ = {isa = PBXFileReference; lastKnownFileType = sourcecode.swift; path = ServiceDocument.swift; sourceTree = "<group>"; };
		B16688DF218E335700E4AE08 /* ServiceUser.swift */ = {isa = PBXFileReference; lastKnownFileType = sourcecode.swift; path = ServiceUser.swift; sourceTree = "<group>"; };
		BC8B8D796954E0558B0A29F5 /* Pods_myDocumentsUITests.framework */ = {isa = PBXFileReference; explicitFileType = wrapper.framework; includeInIndex = 0; path = Pods_myDocumentsUITests.framework; sourceTree = BUILT_PRODUCTS_DIR; };
		C4E147E3728E25C14F0059B3 /* Pods_myDocumentsTests.framework */ = {isa = PBXFileReference; explicitFileType = wrapper.framework; includeInIndex = 0; path = Pods_myDocumentsTests.framework; sourceTree = BUILT_PRODUCTS_DIR; };
		D75F2378EB012479DB265520 /* Pods-myDocumentsTests.release.xcconfig */ = {isa = PBXFileReference; includeInIndex = 1; lastKnownFileType = text.xcconfig; name = "Pods-myDocumentsTests.release.xcconfig"; path = "Pods/Target Support Files/Pods-myDocumentsTests/Pods-myDocumentsTests.release.xcconfig"; sourceTree = "<group>"; };
		F26870222014D0A31F3586EB /* Pods-myDocumentsUITests.debug.xcconfig */ = {isa = PBXFileReference; includeInIndex = 1; lastKnownFileType = text.xcconfig; name = "Pods-myDocumentsUITests.debug.xcconfig"; path = "Pods/Target Support Files/Pods-myDocumentsUITests/Pods-myDocumentsUITests.debug.xcconfig"; sourceTree = "<group>"; };
/* End PBXFileReference section */

/* Begin PBXFrameworksBuildPhase section */
		B166888A218DE60600E4AE08 /* Frameworks */ = {
			isa = PBXFrameworksBuildPhase;
			buildActionMask = 2147483647;
			files = (
				432640DABB60399585F61ED7 /* Pods_myDocuments.framework in Frameworks */,
			);
			runOnlyForDeploymentPostprocessing = 0;
		};
		B16688A1218DE60A00E4AE08 /* Frameworks */ = {
			isa = PBXFrameworksBuildPhase;
			buildActionMask = 2147483647;
			files = (
				BAA803A71D5361FAA2AAFDC0 /* Pods_myDocumentsTests.framework in Frameworks */,
			);
			runOnlyForDeploymentPostprocessing = 0;
		};
		B16688AC218DE60A00E4AE08 /* Frameworks */ = {
			isa = PBXFrameworksBuildPhase;
			buildActionMask = 2147483647;
			files = (
				68134ACFE33761E093C1EFE4 /* Pods_myDocumentsUITests.framework in Frameworks */,
			);
			runOnlyForDeploymentPostprocessing = 0;
		};
/* End PBXFrameworksBuildPhase section */

/* Begin PBXGroup section */
		3A48ED2C994E59541E97ECF4 /* Frameworks */ = {
			isa = PBXGroup;
			children = (
				89422A7F080F8B2FB3444D3D /* Pods_myDocuments.framework */,
				C4E147E3728E25C14F0059B3 /* Pods_myDocumentsTests.framework */,
				BC8B8D796954E0558B0A29F5 /* Pods_myDocumentsUITests.framework */,
			);
			name = Frameworks;
			sourceTree = "<group>";
		};
		B1668884218DE60600E4AE08 = {
			isa = PBXGroup;
			children = (
				B166888F218DE60600E4AE08 /* myDocuments */,
				B16688A7218DE60A00E4AE08 /* myDocumentsTests */,
				B16688B2218DE60A00E4AE08 /* myDocumentsUITests */,
				B166888E218DE60600E4AE08 /* Products */,
				B831C1B7D031AA2AE29D2A4A /* Pods */,
				3A48ED2C994E59541E97ECF4 /* Frameworks */,
			);
			sourceTree = "<group>";
		};
		B166888E218DE60600E4AE08 /* Products */ = {
			isa = PBXGroup;
			children = (
				B166888D218DE60600E4AE08 /* myDocuments.app */,
				B16688A4218DE60A00E4AE08 /* myDocumentsTests.xctest */,
				B16688AF218DE60A00E4AE08 /* myDocumentsUITests.xctest */,
			);
			name = Products;
			sourceTree = "<group>";
		};
		B166888F218DE60600E4AE08 /* myDocuments */ = {
			isa = PBXGroup;
			children = (
				B1668890218DE60600E4AE08 /* AppDelegate.swift */,
				B16688E3218E33D000E4AE08 /* Service */,
				B16688C3218DED4E00E4AE08 /* Model */,
				B16688DC218E32F400E4AE08 /* Controller */,
				B16688CE218E316A00E4AE08 /* View */,
				B1668894218DE60600E4AE08 /* Main.storyboard */,
				B166889A218DE60900E4AE08 /* Assets.xcassets */,
				B166889C218DE60900E4AE08 /* LaunchScreen.storyboard */,
				B166889F218DE60900E4AE08 /* Info.plist */,
				B1668897218DE60600E4AE08 /* myDocuments.xcdatamodeld */,
			);
			path = myDocuments;
			sourceTree = "<group>";
		};
		B16688A7218DE60A00E4AE08 /* myDocumentsTests */ = {
			isa = PBXGroup;
			children = (
				B16688A8218DE60A00E4AE08 /* myDocumentsTests.swift */,
				B16688AA218DE60A00E4AE08 /* Info.plist */,
			);
			path = myDocumentsTests;
			sourceTree = "<group>";
		};
		B16688B2218DE60A00E4AE08 /* myDocumentsUITests */ = {
			isa = PBXGroup;
			children = (
				B16688B3218DE60A00E4AE08 /* myDocumentsUITests.swift */,
				B16688B5218DE60A00E4AE08 /* Info.plist */,
			);
			path = myDocumentsUITests;
			sourceTree = "<group>";
		};
		B16688C3218DED4E00E4AE08 /* Model */ = {
			isa = PBXGroup;
			children = (
				B16688C1218DED3700E4AE08 /* UserModel.swift */,
				B16688C4218DEF4500E4AE08 /* DocumentModel.swift */,
				B16688C6218DF02A00E4AE08 /* PhotoModel.swift */,
			);
			path = Model;
			sourceTree = "<group>";
		};
		B16688CE218E316A00E4AE08 /* View */ = {
			isa = PBXGroup;
			children = (
				B16688CF218E317600E4AE08 /* User */,
				B16688D2218E31ED00E4AE08 /* Photo */,
				B16688D7218E322100E4AE08 /* Document */,
			);
			path = View;
			sourceTree = "<group>";
		};
		B16688CF218E317600E4AE08 /* User */ = {
			isa = PBXGroup;
			children = (
				B16688C8218E313800E4AE08 /* NewUserViewController.swift */,
				B16688CA218E315400E4AE08 /* UserTableViewController.swift */,
				B16688CC218E316200E4AE08 /* UserTableViewCell.swift */,
			);
			path = User;
			sourceTree = "<group>";
		};
		B16688D2218E31ED00E4AE08 /* Photo */ = {
			isa = PBXGroup;
			children = (
				B16688D0218E31E600E4AE08 /* PhotoViewController.swift */,
			);
			path = Photo;
			sourceTree = "<group>";
		};
		B16688D7218E322100E4AE08 /* Document */ = {
			isa = PBXGroup;
			children = (
				B16688D3218E320300E4AE08 /* DocumentTableViewController.swift */,
				B16688D5218E321100E4AE08 /* DocumentTableViewCell.swift */,
			);
			path = Document;
			sourceTree = "<group>";
		};
		B16688DC218E32F400E4AE08 /* Controller */ = {
			isa = PBXGroup;
			children = (
				B16688D8218E32E400E4AE08 /* DocumentController.swift */,
				B16688DA218E32EE00E4AE08 /* UserController.swift */,
			);
			path = Controller;
			sourceTree = "<group>";
		};
		B16688E3218E33D000E4AE08 /* Service */ = {
			isa = PBXGroup;
			children = (
				B16688DD218E334D00E4AE08 /* ServiceDocument.swift */,
				B16688DF218E335700E4AE08 /* ServiceUser.swift */,
			);
			path = Service;
			sourceTree = "<group>";
		};
		B831C1B7D031AA2AE29D2A4A /* Pods */ = {
			isa = PBXGroup;
			children = (
				2DFA03A21C3419682FB123A2 /* Pods-myDocuments.debug.xcconfig */,
				38B0ED71A8A548635814A418 /* Pods-myDocuments.release.xcconfig */,
				AC5B20047D474447EFA38D53 /* Pods-myDocumentsTests.debug.xcconfig */,
				D75F2378EB012479DB265520 /* Pods-myDocumentsTests.release.xcconfig */,
				F26870222014D0A31F3586EB /* Pods-myDocumentsUITests.debug.xcconfig */,
				409892F045589E7738F637CD /* Pods-myDocumentsUITests.release.xcconfig */,
			);
			name = Pods;
			sourceTree = "<group>";
		};
/* End PBXGroup section */

/* Begin PBXNativeTarget section */
		B166888C218DE60600E4AE08 /* myDocuments */ = {
			isa = PBXNativeTarget;
			buildConfigurationList = B16688B8218DE60A00E4AE08 /* Build configuration list for PBXNativeTarget "myDocuments" */;
			buildPhases = (
				D0E24D0E62BEC1001DB51345 /* [CP] Check Pods Manifest.lock */,
				B1668889218DE60600E4AE08 /* Sources */,
				B166888A218DE60600E4AE08 /* Frameworks */,
				B166888B218DE60600E4AE08 /* Resources */,
				B05C384A15A19FF6C2BB01A6 /* [CP] Embed Pods Frameworks */,
			);
			buildRules = (
			);
			dependencies = (
			);
			name = myDocuments;
			productName = myDocuments;
			productReference = B166888D218DE60600E4AE08 /* myDocuments.app */;
			productType = "com.apple.product-type.application";
		};
		B16688A3218DE60A00E4AE08 /* myDocumentsTests */ = {
			isa = PBXNativeTarget;
			buildConfigurationList = B16688BB218DE60A00E4AE08 /* Build configuration list for PBXNativeTarget "myDocumentsTests" */;
			buildPhases = (
				B91CAFD9D7C3B938EEBED580 /* [CP] Check Pods Manifest.lock */,
				B16688A0218DE60A00E4AE08 /* Sources */,
				B16688A1218DE60A00E4AE08 /* Frameworks */,
				B16688A2218DE60A00E4AE08 /* Resources */,
			);
			buildRules = (
			);
			dependencies = (
				B16688A6218DE60A00E4AE08 /* PBXTargetDependency */,
			);
			name = myDocumentsTests;
			productName = myDocumentsTests;
			productReference = B16688A4218DE60A00E4AE08 /* myDocumentsTests.xctest */;
			productType = "com.apple.product-type.bundle.unit-test";
		};
		B16688AE218DE60A00E4AE08 /* myDocumentsUITests */ = {
			isa = PBXNativeTarget;
			buildConfigurationList = B16688BE218DE60A00E4AE08 /* Build configuration list for PBXNativeTarget "myDocumentsUITests" */;
			buildPhases = (
				F098FDC7AC85CE429D653DA1 /* [CP] Check Pods Manifest.lock */,
				B16688AB218DE60A00E4AE08 /* Sources */,
				B16688AC218DE60A00E4AE08 /* Frameworks */,
				B16688AD218DE60A00E4AE08 /* Resources */,
			);
			buildRules = (
			);
			dependencies = (
				B16688B1218DE60A00E4AE08 /* PBXTargetDependency */,
			);
			name = myDocumentsUITests;
			productName = myDocumentsUITests;
			productReference = B16688AF218DE60A00E4AE08 /* myDocumentsUITests.xctest */;
			productType = "com.apple.product-type.bundle.ui-testing";
		};
/* End PBXNativeTarget section */

/* Begin PBXProject section */
		B1668885218DE60600E4AE08 /* Project object */ = {
			isa = PBXProject;
			attributes = {
				LastSwiftUpdateCheck = 1010;
				LastUpgradeCheck = 1010;
				ORGANIZATIONNAME = "Wesley Brito";
				TargetAttributes = {
					B166888C218DE60600E4AE08 = {
						CreatedOnToolsVersion = 10.1;
					};
					B16688A3218DE60A00E4AE08 = {
						CreatedOnToolsVersion = 10.1;
						TestTargetID = B166888C218DE60600E4AE08;
					};
					B16688AE218DE60A00E4AE08 = {
						CreatedOnToolsVersion = 10.1;
						TestTargetID = B166888C218DE60600E4AE08;
					};
				};
			};
			buildConfigurationList = B1668888218DE60600E4AE08 /* Build configuration list for PBXProject "myDocuments" */;
			compatibilityVersion = "Xcode 9.3";
			developmentRegion = en;
			hasScannedForEncodings = 0;
			knownRegions = (
				en,
				Base,
			);
			mainGroup = B1668884218DE60600E4AE08;
			productRefGroup = B166888E218DE60600E4AE08 /* Products */;
			projectDirPath = "";
			projectRoot = "";
			targets = (
				B166888C218DE60600E4AE08 /* myDocuments */,
				B16688A3218DE60A00E4AE08 /* myDocumentsTests */,
				B16688AE218DE60A00E4AE08 /* myDocumentsUITests */,
			);
		};
/* End PBXProject section */

/* Begin PBXResourcesBuildPhase section */
		B166888B218DE60600E4AE08 /* Resources */ = {
			isa = PBXResourcesBuildPhase;
			buildActionMask = 2147483647;
			files = (
				B166889E218DE60900E4AE08 /* LaunchScreen.storyboard in Resources */,
				B166889B218DE60900E4AE08 /* Assets.xcassets in Resources */,
				B1668896218DE60600E4AE08 /* Main.storyboard in Resources */,
			);
			runOnlyForDeploymentPostprocessing = 0;
		};
		B16688A2218DE60A00E4AE08 /* Resources */ = {
			isa = PBXResourcesBuildPhase;
			buildActionMask = 2147483647;
			files = (
			);
			runOnlyForDeploymentPostprocessing = 0;
		};
		B16688AD218DE60A00E4AE08 /* Resources */ = {
			isa = PBXResourcesBuildPhase;
			buildActionMask = 2147483647;
			files = (
			);
			runOnlyForDeploymentPostprocessing = 0;
		};
/* End PBXResourcesBuildPhase section */

/* Begin PBXShellScriptBuildPhase section */
		B05C384A15A19FF6C2BB01A6 /* [CP] Embed Pods Frameworks */ = {
			isa = PBXShellScriptBuildPhase;
			buildActionMask = 2147483647;
			files = (
			);
			inputFileListPaths = (
			);
			inputPaths = (
				"${SRCROOT}/Pods/Target Support Files/Pods-myDocuments/Pods-myDocuments-frameworks.sh",
				"${BUILT_PRODUCTS_DIR}/Alamofire/Alamofire.framework",
				"${BUILT_PRODUCTS_DIR}/JMMaskTextField-Swift/JMMaskTextField_Swift.framework",
				"${BUILT_PRODUCTS_DIR}/Kingfisher/Kingfisher.framework",
				"${BUILT_PRODUCTS_DIR}/SwiftyJSON/SwiftyJSON.framework",
			);
			name = "[CP] Embed Pods Frameworks";
			outputFileListPaths = (
			);
			outputPaths = (
				"${TARGET_BUILD_DIR}/${FRAMEWORKS_FOLDER_PATH}/Alamofire.framework",
				"${TARGET_BUILD_DIR}/${FRAMEWORKS_FOLDER_PATH}/JMMaskTextField_Swift.framework",
				"${TARGET_BUILD_DIR}/${FRAMEWORKS_FOLDER_PATH}/Kingfisher.framework",
				"${TARGET_BUILD_DIR}/${FRAMEWORKS_FOLDER_PATH}/SwiftyJSON.framework",
			);
			runOnlyForDeploymentPostprocessing = 0;
			shellPath = /bin/sh;
			shellScript = "\"${SRCROOT}/Pods/Target Support Files/Pods-myDocuments/Pods-myDocuments-frameworks.sh\"\n";
			showEnvVarsInLog = 0;
		};
		B91CAFD9D7C3B938EEBED580 /* [CP] Check Pods Manifest.lock */ = {
			isa = PBXShellScriptBuildPhase;
			buildActionMask = 2147483647;
			files = (
			);
			inputFileListPaths = (
			);
			inputPaths = (
				"${PODS_PODFILE_DIR_PATH}/Podfile.lock",
				"${PODS_ROOT}/Manifest.lock",
			);
			name = "[CP] Check Pods Manifest.lock";
			outputFileListPaths = (
			);
			outputPaths = (
				"$(DERIVED_FILE_DIR)/Pods-myDocumentsTests-checkManifestLockResult.txt",
			);
			runOnlyForDeploymentPostprocessing = 0;
			shellPath = /bin/sh;
			shellScript = "diff \"${PODS_PODFILE_DIR_PATH}/Podfile.lock\" \"${PODS_ROOT}/Manifest.lock\" > /dev/null\nif [ $? != 0 ] ; then\n    # print error to STDERR\n    echo \"error: The sandbox is not in sync with the Podfile.lock. Run 'pod install' or update your CocoaPods installation.\" >&2\n    exit 1\nfi\n# This output is used by Xcode 'outputs' to avoid re-running this script phase.\necho \"SUCCESS\" > \"${SCRIPT_OUTPUT_FILE_0}\"\n";
			showEnvVarsInLog = 0;
		};
		D0E24D0E62BEC1001DB51345 /* [CP] Check Pods Manifest.lock */ = {
			isa = PBXShellScriptBuildPhase;
			buildActionMask = 2147483647;
			files = (
			);
			inputFileListPaths = (
			);
			inputPaths = (
				"${PODS_PODFILE_DIR_PATH}/Podfile.lock",
				"${PODS_ROOT}/Manifest.lock",
			);
			name = "[CP] Check Pods Manifest.lock";
			outputFileListPaths = (
			);
			outputPaths = (
				"$(DERIVED_FILE_DIR)/Pods-myDocuments-checkManifestLockResult.txt",
			);
			runOnlyForDeploymentPostprocessing = 0;
			shellPath = /bin/sh;
			shellScript = "diff \"${PODS_PODFILE_DIR_PATH}/Podfile.lock\" \"${PODS_ROOT}/Manifest.lock\" > /dev/null\nif [ $? != 0 ] ; then\n    # print error to STDERR\n    echo \"error: The sandbox is not in sync with the Podfile.lock. Run 'pod install' or update your CocoaPods installation.\" >&2\n    exit 1\nfi\n# This output is used by Xcode 'outputs' to avoid re-running this script phase.\necho \"SUCCESS\" > \"${SCRIPT_OUTPUT_FILE_0}\"\n";
			showEnvVarsInLog = 0;
		};
		F098FDC7AC85CE429D653DA1 /* [CP] Check Pods Manifest.lock */ = {
			isa = PBXShellScriptBuildPhase;
			buildActionMask = 2147483647;
			files = (
			);
			inputFileListPaths = (
			);
			inputPaths = (
				"${PODS_PODFILE_DIR_PATH}/Podfile.lock",
				"${PODS_ROOT}/Manifest.lock",
			);
			name = "[CP] Check Pods Manifest.lock";
			outputFileListPaths = (
			);
			outputPaths = (
				"$(DERIVED_FILE_DIR)/Pods-myDocumentsUITests-checkManifestLockResult.txt",
			);
			runOnlyForDeploymentPostprocessing = 0;
			shellPath = /bin/sh;
			shellScript = "diff \"${PODS_PODFILE_DIR_PATH}/Podfile.lock\" \"${PODS_ROOT}/Manifest.lock\" > /dev/null\nif [ $? != 0 ] ; then\n    # print error to STDERR\n    echo \"error: The sandbox is not in sync with the Podfile.lock. Run 'pod install' or update your CocoaPods installation.\" >&2\n    exit 1\nfi\n# This output is used by Xcode 'outputs' to avoid re-running this script phase.\necho \"SUCCESS\" > \"${SCRIPT_OUTPUT_FILE_0}\"\n";
			showEnvVarsInLog = 0;
		};
/* End PBXShellScriptBuildPhase section */

/* Begin PBXSourcesBuildPhase section */
		B1668889218DE60600E4AE08 /* Sources */ = {
			isa = PBXSourcesBuildPhase;
			buildActionMask = 2147483647;
			files = (
				B16688DE218E334D00E4AE08 /* ServiceDocument.swift in Sources */,
				B16688C7218DF02A00E4AE08 /* PhotoModel.swift in Sources */,
				B16688CD218E316200E4AE08 /* UserTableViewCell.swift in Sources */,
				B16688D9218E32E400E4AE08 /* DocumentController.swift in Sources */,
				B1668899218DE60600E4AE08 /* myDocuments.xcdatamodeld in Sources */,
				B16688D6218E321100E4AE08 /* DocumentTableViewCell.swift in Sources */,
				B16688DB218E32EE00E4AE08 /* UserController.swift in Sources */,
				B16688E0218E335700E4AE08 /* ServiceUser.swift in Sources */,
				B16688C5218DEF4500E4AE08 /* DocumentModel.swift in Sources */,
				B16688C2218DED3700E4AE08 /* UserModel.swift in Sources */,
				B1668891218DE60600E4AE08 /* AppDelegate.swift in Sources */,
				B16688CB218E315400E4AE08 /* UserTableViewController.swift in Sources */,
				B16688C9218E313800E4AE08 /* NewUserViewController.swift in Sources */,
				B16688D1218E31E600E4AE08 /* PhotoViewController.swift in Sources */,
				B16688D4218E320300E4AE08 /* DocumentTableViewController.swift in Sources */,
			);
			runOnlyForDeploymentPostprocessing = 0;
		};
		B16688A0218DE60A00E4AE08 /* Sources */ = {
			isa = PBXSourcesBuildPhase;
			buildActionMask = 2147483647;
			files = (
				B16688A9218DE60A00E4AE08 /* myDocumentsTests.swift in Sources */,
			);
			runOnlyForDeploymentPostprocessing = 0;
		};
		B16688AB218DE60A00E4AE08 /* Sources */ = {
			isa = PBXSourcesBuildPhase;
			buildActionMask = 2147483647;
			files = (
				B16688B4218DE60A00E4AE08 /* myDocumentsUITests.swift in Sources */,
			);
			runOnlyForDeploymentPostprocessing = 0;
		};
/* End PBXSourcesBuildPhase section */

/* Begin PBXTargetDependency section */
		B16688A6218DE60A00E4AE08 /* PBXTargetDependency */ = {
			isa = PBXTargetDependency;
			target = B166888C218DE60600E4AE08 /* myDocuments */;
			targetProxy = B16688A5218DE60A00E4AE08 /* PBXContainerItemProxy */;
		};
		B16688B1218DE60A00E4AE08 /* PBXTargetDependency */ = {
			isa = PBXTargetDependency;
			target = B166888C218DE60600E4AE08 /* myDocuments */;
			targetProxy = B16688B0218DE60A00E4AE08 /* PBXContainerItemProxy */;
		};
/* End PBXTargetDependency section */

/* Begin PBXVariantGroup section */
		B1668894218DE60600E4AE08 /* Main.storyboard */ = {
			isa = PBXVariantGroup;
			children = (
				B1668895218DE60600E4AE08 /* Base */,
			);
			name = Main.storyboard;
			sourceTree = "<group>";
		};
		B166889C218DE60900E4AE08 /* LaunchScreen.storyboard */ = {
			isa = PBXVariantGroup;
			children = (
				B166889D218DE60900E4AE08 /* Base */,
			);
			name = LaunchScreen.storyboard;
			sourceTree = "<group>";
		};
/* End PBXVariantGroup section */

/* Begin XCBuildConfiguration section */
		B16688B6218DE60A00E4AE08 /* Debug */ = {
			isa = XCBuildConfiguration;
			buildSettings = {
				ALWAYS_SEARCH_USER_PATHS = NO;
				CLANG_ANALYZER_NONNULL = YES;
				CLANG_ANALYZER_NUMBER_OBJECT_CONVERSION = YES_AGGRESSIVE;
				CLANG_CXX_LANGUAGE_STANDARD = "gnu++14";
				CLANG_CXX_LIBRARY = "libc++";
				CLANG_ENABLE_MODULES = YES;
				CLANG_ENABLE_OBJC_ARC = YES;
				CLANG_ENABLE_OBJC_WEAK = YES;
				CLANG_WARN_BLOCK_CAPTURE_AUTORELEASING = YES;
				CLANG_WARN_BOOL_CONVERSION = YES;
				CLANG_WARN_COMMA = YES;
				CLANG_WARN_CONSTANT_CONVERSION = YES;
				CLANG_WARN_DEPRECATED_OBJC_IMPLEMENTATIONS = YES;
				CLANG_WARN_DIRECT_OBJC_ISA_USAGE = YES_ERROR;
				CLANG_WARN_DOCUMENTATION_COMMENTS = YES;
				CLANG_WARN_EMPTY_BODY = YES;
				CLANG_WARN_ENUM_CONVERSION = YES;
				CLANG_WARN_INFINITE_RECURSION = YES;
				CLANG_WARN_INT_CONVERSION = YES;
				CLANG_WARN_NON_LITERAL_NULL_CONVERSION = YES;
				CLANG_WARN_OBJC_IMPLICIT_RETAIN_SELF = YES;
				CLANG_WARN_OBJC_LITERAL_CONVERSION = YES;
				CLANG_WARN_OBJC_ROOT_CLASS = YES_ERROR;
				CLANG_WARN_RANGE_LOOP_ANALYSIS = YES;
				CLANG_WARN_STRICT_PROTOTYPES = YES;
				CLANG_WARN_SUSPICIOUS_MOVE = YES;
				CLANG_WARN_UNGUARDED_AVAILABILITY = YES_AGGRESSIVE;
				CLANG_WARN_UNREACHABLE_CODE = YES;
				CLANG_WARN__DUPLICATE_METHOD_MATCH = YES;
				CODE_SIGN_IDENTITY = "iPhone Developer";
				COPY_PHASE_STRIP = NO;
				DEBUG_INFORMATION_FORMAT = dwarf;
				ENABLE_STRICT_OBJC_MSGSEND = YES;
				ENABLE_TESTABILITY = YES;
				GCC_C_LANGUAGE_STANDARD = gnu11;
				GCC_DYNAMIC_NO_PIC = NO;
				GCC_NO_COMMON_BLOCKS = YES;
				GCC_OPTIMIZATION_LEVEL = 0;
				GCC_PREPROCESSOR_DEFINITIONS = (
					"DEBUG=1",
					"$(inherited)",
				);
				GCC_WARN_64_TO_32_BIT_CONVERSION = YES;
				GCC_WARN_ABOUT_RETURN_TYPE = YES_ERROR;
				GCC_WARN_UNDECLARED_SELECTOR = YES;
				GCC_WARN_UNINITIALIZED_AUTOS = YES_AGGRESSIVE;
				GCC_WARN_UNUSED_FUNCTION = YES;
				GCC_WARN_UNUSED_VARIABLE = YES;
				IPHONEOS_DEPLOYMENT_TARGET = 12.1;
				MTL_ENABLE_DEBUG_INFO = INCLUDE_SOURCE;
				MTL_FAST_MATH = YES;
				ONLY_ACTIVE_ARCH = YES;
				SDKROOT = iphoneos;
				SWIFT_ACTIVE_COMPILATION_CONDITIONS = DEBUG;
				SWIFT_OPTIMIZATION_LEVEL = "-Onone";
			};
			name = Debug;
		};
		B16688B7218DE60A00E4AE08 /* Release */ = {
			isa = XCBuildConfiguration;
			buildSettings = {
				ALWAYS_SEARCH_USER_PATHS = NO;
				CLANG_ANALYZER_NONNULL = YES;
				CLANG_ANALYZER_NUMBER_OBJECT_CONVERSION = YES_AGGRESSIVE;
				CLANG_CXX_LANGUAGE_STANDARD = "gnu++14";
				CLANG_CXX_LIBRARY = "libc++";
				CLANG_ENABLE_MODULES = YES;
				CLANG_ENABLE_OBJC_ARC = YES;
				CLANG_ENABLE_OBJC_WEAK = YES;
				CLANG_WARN_BLOCK_CAPTURE_AUTORELEASING = YES;
				CLANG_WARN_BOOL_CONVERSION = YES;
				CLANG_WARN_COMMA = YES;
				CLANG_WARN_CONSTANT_CONVERSION = YES;
				CLANG_WARN_DEPRECATED_OBJC_IMPLEMENTATIONS = YES;
				CLANG_WARN_DIRECT_OBJC_ISA_USAGE = YES_ERROR;
				CLANG_WARN_DOCUMENTATION_COMMENTS = YES;
				CLANG_WARN_EMPTY_BODY = YES;
				CLANG_WARN_ENUM_CONVERSION = YES;
				CLANG_WARN_INFINITE_RECURSION = YES;
				CLANG_WARN_INT_CONVERSION = YES;
				CLANG_WARN_NON_LITERAL_NULL_CONVERSION = YES;
				CLANG_WARN_OBJC_IMPLICIT_RETAIN_SELF = YES;
				CLANG_WARN_OBJC_LITERAL_CONVERSION = YES;
				CLANG_WARN_OBJC_ROOT_CLASS = YES_ERROR;
				CLANG_WARN_RANGE_LOOP_ANALYSIS = YES;
				CLANG_WARN_STRICT_PROTOTYPES = YES;
				CLANG_WARN_SUSPICIOUS_MOVE = YES;
				CLANG_WARN_UNGUARDED_AVAILABILITY = YES_AGGRESSIVE;
				CLANG_WARN_UNREACHABLE_CODE = YES;
				CLANG_WARN__DUPLICATE_METHOD_MATCH = YES;
				CODE_SIGN_IDENTITY = "iPhone Developer";
				COPY_PHASE_STRIP = NO;
				DEBUG_INFORMATION_FORMAT = "dwarf-with-dsym";
				ENABLE_NS_ASSERTIONS = NO;
				ENABLE_STRICT_OBJC_MSGSEND = YES;
				GCC_C_LANGUAGE_STANDARD = gnu11;
				GCC_NO_COMMON_BLOCKS = YES;
				GCC_WARN_64_TO_32_BIT_CONVERSION = YES;
				GCC_WARN_ABOUT_RETURN_TYPE = YES_ERROR;
				GCC_WARN_UNDECLARED_SELECTOR = YES;
				GCC_WARN_UNINITIALIZED_AUTOS = YES_AGGRESSIVE;
				GCC_WARN_UNUSED_FUNCTION = YES;
				GCC_WARN_UNUSED_VARIABLE = YES;
				IPHONEOS_DEPLOYMENT_TARGET = 12.1;
				MTL_ENABLE_DEBUG_INFO = NO;
				MTL_FAST_MATH = YES;
				SDKROOT = iphoneos;
				SWIFT_COMPILATION_MODE = wholemodule;
				SWIFT_OPTIMIZATION_LEVEL = "-O";
				VALIDATE_PRODUCT = YES;
			};
			name = Release;
		};
		B16688B9218DE60A00E4AE08 /* Debug */ = {
			isa = XCBuildConfiguration;
			baseConfigurationReference = 2DFA03A21C3419682FB123A2 /* Pods-myDocuments.debug.xcconfig */;
			buildSettings = {
				ASSETCATALOG_COMPILER_APPICON_NAME = AppIcon;
				CODE_SIGN_STYLE = Automatic;
				DEVELOPMENT_TEAM = 59VH8DLZT2;
				INFOPLIST_FILE = myDocuments/Info.plist;
				LD_RUNPATH_SEARCH_PATHS = (
					"$(inherited)",
					"@executable_path/Frameworks",
				);
				PRODUCT_BUNDLE_IDENTIFIER = com.myDocuments1;
				PRODUCT_NAME = "$(TARGET_NAME)";
				SWIFT_VERSION = 4.2;
				TARGETED_DEVICE_FAMILY = "1,2";
			};
			name = Debug;
		};
		B16688BA218DE60A00E4AE08 /* Release */ = {
			isa = XCBuildConfiguration;
			baseConfigurationReference = 38B0ED71A8A548635814A418 /* Pods-myDocuments.release.xcconfig */;
			buildSettings = {
				ASSETCATALOG_COMPILER_APPICON_NAME = AppIcon;
				CODE_SIGN_STYLE = Automatic;
				DEVELOPMENT_TEAM = 59VH8DLZT2;
				INFOPLIST_FILE = myDocuments/Info.plist;
				LD_RUNPATH_SEARCH_PATHS = (
					"$(inherited)",
					"@executable_path/Frameworks",
				);
				PRODUCT_BUNDLE_IDENTIFIER = com.myDocuments1;
				PRODUCT_NAME = "$(TARGET_NAME)";
				SWIFT_VERSION = 4.2;
				TARGETED_DEVICE_FAMILY = "1,2";
			};
			name = Release;
		};
		B16688BC218DE60A00E4AE08 /* Debug */ = {
			isa = XCBuildConfiguration;
			baseConfigurationReference = AC5B20047D474447EFA38D53 /* Pods-myDocumentsTests.debug.xcconfig */;
			buildSettings = {
				ALWAYS_EMBED_SWIFT_STANDARD_LIBRARIES = YES;
				BUNDLE_LOADER = "$(TEST_HOST)";
				CODE_SIGN_STYLE = Automatic;
				DEVELOPMENT_TEAM = 59VH8DLZT2;
				INFOPLIST_FILE = myDocumentsTests/Info.plist;
				LD_RUNPATH_SEARCH_PATHS = (
					"$(inherited)",
					"@executable_path/Frameworks",
					"@loader_path/Frameworks",
				);
				PRODUCT_BUNDLE_IDENTIFIER = com.myDocumentsTests;
				PRODUCT_NAME = "$(TARGET_NAME)";
				SWIFT_VERSION = 4.2;
				TARGETED_DEVICE_FAMILY = "1,2";
				TEST_HOST = "$(BUILT_PRODUCTS_DIR)/myDocuments.app/myDocuments";
			};
			name = Debug;
		};
		B16688BD218DE60A00E4AE08 /* Release */ = {
			isa = XCBuildConfiguration;
			baseConfigurationReference = D75F2378EB012479DB265520 /* Pods-myDocumentsTests.release.xcconfig */;
			buildSettings = {
				ALWAYS_EMBED_SWIFT_STANDARD_LIBRARIES = YES;
				BUNDLE_LOADER = "$(TEST_HOST)";
				CODE_SIGN_STYLE = Automatic;
				DEVELOPMENT_TEAM = 59VH8DLZT2;
				INFOPLIST_FILE = myDocumentsTests/Info.plist;
				LD_RUNPATH_SEARCH_PATHS = (
					"$(inherited)",
					"@executable_path/Frameworks",
					"@loader_path/Frameworks",
				);
				PRODUCT_BUNDLE_IDENTIFIER = com.myDocumentsTests;
				PRODUCT_NAME = "$(TARGET_NAME)";
				SWIFT_VERSION = 4.2;
				TARGETED_DEVICE_FAMILY = "1,2";
				TEST_HOST = "$(BUILT_PRODUCTS_DIR)/myDocuments.app/myDocuments";
			};
			name = Release;
		};
		B16688BF218DE60A00E4AE08 /* Debug */ = {
			isa = XCBuildConfiguration;
			baseConfigurationReference = F26870222014D0A31F3586EB /* Pods-myDocumentsUITests.debug.xcconfig */;
			buildSettings = {
				ALWAYS_EMBED_SWIFT_STANDARD_LIBRARIES = YES;
				CODE_SIGN_STYLE = Automatic;
				DEVELOPMENT_TEAM = 59VH8DLZT2;
				INFOPLIST_FILE = myDocumentsUITests/Info.plist;
				LD_RUNPATH_SEARCH_PATHS = (
					"$(inherited)",
					"@executable_path/Frameworks",
					"@loader_path/Frameworks",
				);
				PRODUCT_BUNDLE_IDENTIFIER = com.myDocumentsUITests;
				PRODUCT_NAME = "$(TARGET_NAME)";
				SWIFT_VERSION = 4.2;
				TARGETED_DEVICE_FAMILY = "1,2";
				TEST_TARGET_NAME = myDocuments;
			};
			name = Debug;
		};
		B16688C0218DE60A00E4AE08 /* Release */ = {
			isa = XCBuildConfiguration;
			baseConfigurationReference = 409892F045589E7738F637CD /* Pods-myDocumentsUITests.release.xcconfig */;
			buildSettings = {
				ALWAYS_EMBED_SWIFT_STANDARD_LIBRARIES = YES;
				CODE_SIGN_STYLE = Automatic;
				DEVELOPMENT_TEAM = 59VH8DLZT2;
				INFOPLIST_FILE = myDocumentsUITests/Info.plist;
				LD_RUNPATH_SEARCH_PATHS = (
					"$(inherited)",
					"@executable_path/Frameworks",
					"@loader_path/Frameworks",
				);
				PRODUCT_BUNDLE_IDENTIFIER = com.myDocumentsUITests;
				PRODUCT_NAME = "$(TARGET_NAME)";
				SWIFT_VERSION = 4.2;
				TARGETED_DEVICE_FAMILY = "1,2";
				TEST_TARGET_NAME = myDocuments;
			};
			name = Release;
		};
/* End XCBuildConfiguration section */

/* Begin XCConfigurationList section */
		B1668888218DE60600E4AE08 /* Build configuration list for PBXProject "myDocuments" */ = {
			isa = XCConfigurationList;
			buildConfigurations = (
				B16688B6218DE60A00E4AE08 /* Debug */,
				B16688B7218DE60A00E4AE08 /* Release */,
			);
			defaultConfigurationIsVisible = 0;
			defaultConfigurationName = Release;
		};
		B16688B8218DE60A00E4AE08 /* Build configuration list for PBXNativeTarget "myDocuments" */ = {
			isa = XCConfigurationList;
			buildConfigurations = (
				B16688B9218DE60A00E4AE08 /* Debug */,
				B16688BA218DE60A00E4AE08 /* Release */,
			);
			defaultConfigurationIsVisible = 0;
			defaultConfigurationName = Release;
		};
		B16688BB218DE60A00E4AE08 /* Build configuration list for PBXNativeTarget "myDocumentsTests" */ = {
			isa = XCConfigurationList;
			buildConfigurations = (
				B16688BC218DE60A00E4AE08 /* Debug */,
				B16688BD218DE60A00E4AE08 /* Release */,
			);
			defaultConfigurationIsVisible = 0;
			defaultConfigurationName = Release;
		};
		B16688BE218DE60A00E4AE08 /* Build configuration list for PBXNativeTarget "myDocumentsUITests" */ = {
			isa = XCConfigurationList;
			buildConfigurations = (
				B16688BF218DE60A00E4AE08 /* Debug */,
				B16688C0218DE60A00E4AE08 /* Release */,
			);
			defaultConfigurationIsVisible = 0;
			defaultConfigurationName = Release;
		};
/* End XCConfigurationList section */

/* Begin XCVersionGroup section */
		B1668897218DE60600E4AE08 /* myDocuments.xcdatamodeld */ = {
			isa = XCVersionGroup;
			children = (
				B1668898218DE60600E4AE08 /* myDocuments.xcdatamodel */,
			);
			currentVersion = B1668898218DE60600E4AE08 /* myDocuments.xcdatamodel */;
			path = myDocuments.xcdatamodeld;
			sourceTree = "<group>";
			versionGroupType = wrapper.xcdatamodel;
		};
/* End XCVersionGroup section */
	};
	rootObject = B1668885218DE60600E4AE08 /* Project object */;
}
